
Microsoft Visual Studio Solution File, Format Version 12.00
# Visual Studio Version 16
VisualStudioVersion = 16.0.31410.357
MinimumVisualStudioVersion = 10.0.40219.1
Project("{FAE04EC0-301F-11D3-BF4B-00C04F79EFBC}") = "ServiceAPI", "ServiceAPI.csproj", "{78B52AEA-D07B-45D7-A8EB-2010B7F58FE1}"
EndProject
Global
	GlobalSection(SolutionConfigurationPlatforms) = preSolution
		Debug|Any CPU = Debug|Any CPU
		Release|Any CPU = Release|Any CPU
	EndGlobalSection
	GlobalSection(ProjectConfigurationPlatforms) = postSolution
		{78B52AEA-D07B-45D7-A8EB-2010B7F58FE1}.Debug|Any CPU.ActiveCfg = Debug|Any CPU
		{78B52AEA-D07B-45D7-A8EB-2010B7F58FE1}.Debug|Any CPU.Build.0 = Debug|Any CPU
		{78B52AEA-D07B-45D7-A8EB-2010B7F58FE1}.Release|Any CPU.ActiveCfg = Release|Any CPU
		{78B52AEA-D07B-45D7-A8EB-2010B7F58FE1}.Release|Any CPU.Build.0 = Release|Any CPU
	EndGlobalSection
	GlobalSection(SolutionProperties) = preSolution
		HideSolutionNode = FALSE
	EndGlobalSection
	GlobalSection(ExtensibilityGlobals) = postSolution
		SolutionGuid = {C289F1DF-9D71-4975-830B-8BEE5F733E73}
	EndGlobalSection
EndGlobal
